
Microsoft Visual Studio Solution File, Format Version 12.00
# Visual Studio 2012
Project("{8BC9CEB8-8B4A-11D0-8D11-00A0C91BC942}") = "AudioHook2", "AudioHook2.vcxproj", "{FBE14AD4-4ED6-4FB2-ADD7-AF29E4828A68}"
EndProject
Global
	GlobalSection(SolutionConfigurationPlatforms) = preSolution
		Debug|Win32 = Debug|Win32
		Release|Win32 = Release|Win32
	EndGlobalSection
	GlobalSection(ProjectConfigurationPlatforms) = postSolution
		{FBE14AD4-4ED6-4FB2-ADD7-AF29E4828A68}.Debug|Win32.ActiveCfg = Debug|Win32
		{FBE14AD4-4ED6-4FB2-ADD7-AF29E4828A68}.Debug|Win32.Build.0 = Debug|Win32
		{FBE14AD4-4ED6-4FB2-ADD7-AF29E4828A68}.Release|Win32.ActiveCfg = Release|Win32
		{FBE14AD4-4ED6-4FB2-ADD7-AF29E4828A68}.Release|Win32.Build.0 = Release|Win32
	EndGlobalSection
	GlobalSection(SolutionProperties) = preSolution
		HideSolutionNode = FALSE
	EndGlobalSection
EndGlobal
